
Microsoft Visual Studio Solution File, Format Version 12.00
# Visual Studio Version 17
VisualStudioVersion = 17.6.33712.159
MinimumVisualStudioVersion = 10.0.40219.1
Project("{FAE04EC0-301F-11D3-BF4B-00C04F79EFBC}") = "EFCoreDemo.Api", "EFCoreDemo.Api\EFCoreDemo.Api.csproj", "{A0DA6482-6157-4314-9B9A-A2E89099AAB2}"
EndProject
Project("{FAE04EC0-301F-11D3-BF4B-00C04F79EFBC}") = "EFCoreDemo.Infrastructure", "EFCoreDemo.Intrastructure\EFCoreDemo.Infrastructure.csproj", "{C775A779-5AEC-4590-9FA9-5C7D5C09FD56}"
EndProject
Global
	GlobalSection(SolutionConfigurationPlatforms) = preSolution
		Debug|Any CPU = Debug|Any CPU
		Release|Any CPU = Release|Any CPU
	EndGlobalSection
	GlobalSection(ProjectConfigurationPlatforms) = postSolution
		{A0DA6482-6157-4314-9B9A-A2E89099AAB2}.Debug|Any CPU.ActiveCfg = Debug|Any CPU
		{A0DA6482-6157-4314-9B9A-A2E89099AAB2}.Debug|Any CPU.Build.0 = Debug|Any CPU
		{A0DA6482-6157-4314-9B9A-A2E89099AAB2}.Release|Any CPU.ActiveCfg = Release|Any CPU
		{A0DA6482-6157-4314-9B9A-A2E89099AAB2}.Release|Any CPU.Build.0 = Release|Any CPU
		{C775A779-5AEC-4590-9FA9-5C7D5C09FD56}.Debug|Any CPU.ActiveCfg = Debug|Any CPU
		{C775A779-5AEC-4590-9FA9-5C7D5C09FD56}.Debug|Any CPU.Build.0 = Debug|Any CPU
		{C775A779-5AEC-4590-9FA9-5C7D5C09FD56}.Release|Any CPU.ActiveCfg = Release|Any CPU
		{C775A779-5AEC-4590-9FA9-5C7D5C09FD56}.Release|Any CPU.Build.0 = Release|Any CPU
	EndGlobalSection
	GlobalSection(SolutionProperties) = preSolution
		HideSolutionNode = FALSE
	EndGlobalSection
	GlobalSection(ExtensibilityGlobals) = postSolution
		SolutionGuid = {2D9A5F07-D9B2-4AEF-8B91-00B5E7EFA65C}
	EndGlobalSection
EndGlobal
